{
  "lockfile_version": "1",
  "packages": {
    "gh@2.83.2": {
      "last_modified": "2025-12-11T04:04:52Z",
      "resolved": "github:NixOS/nixpkgs/5d6bdbddb4695a62f0d00a3620b37a15275a5093#gh",
      "source": "devbox-search",
      "version": "2.83.2",
      "systems": {
        "aarch64-darwin": {
          "outputs": [
            {
              "name": "out",
              "path": "/nix/store/v09g9zh0bwfjrfcq81k167jk8fnaql4x-gh-2.83.2",
              "default": true
            }
          ],
          "store_path": "/nix/store/v09g9zh0bwfjrfcq81k167jk8fnaql4x-gh-2.83.2"
        },
        "aarch64-linux": {
          "outputs": [
            {
              "name": "out",
              "path": "/nix/store/8a3gc9smfgmimvvsgjncij1p3hrkbycq-gh-2.83.2",
              "default": true
            }
          ],
          "store_path": "/nix/store/8a3gc9smfgmimvvsgjncij1p3hrkbycq-gh-2.83.2"
        },
        "x86_64-darwin": {
          "outputs": [
            {
              "name": "out",
              "path": "/nix/store/cc4glclba1gffbxddd8vyyh8k69c145w-gh-2.83.2",
              "default": true
            }
          ],
          "store_path": "/nix/store/cc4glclba1gffbxddd8vyyh8k69c145w-gh-2.83.2"
        },
        "x86_64-linux": {
          "outputs": [
            {
              "name": "out",
              "path": "/nix/store/1ga8sgks3i0iwdl33aazgql8gfsxnqjc-gh-2.83.2",
              "default": true
            }
          ],
          "store_path": "/nix/store/1ga8sgks3i0iwdl33aazgql8gfsxnqjc-gh-2.83.2"
        }
      }
    },
    "git@2.51.2": {
      "last_modified": "2025-11-23T21:50:36Z",
      "resolved": "github:NixOS/nixpkgs/ee09932cedcef15aaf476f9343d1dea2cb77e261#git",
      "source": "devbox-search",
      "version": "2.51.2",
      "systems": {
        "aarch64-darwin": {
          "outputs": [
            {
              "name": "out",
              "path": "/nix/store/x34bh6s6ighg7lb74nkjbx3nx52zj0j9-git-2.51.2",
              "default": true
            },
            {
              "name": "doc",
              "path": "/nix/store/6wnscv0364r6430qmx33nn927dlw2vnf-git-2.51.2-doc"
            }
          ],
          "store_path": "/nix/store/x34bh6s6ighg7lb74nkjbx3nx52zj0j9-git-2.51.2"
        },
        "aarch64-linux": {
          "outputs": [
            {
              "name": "out",
              "path": "/nix/store/gzdcfmx2p9nvd4z21b6ns00cp4sv1d2h-git-2.51.2",
              "default": true
            },
            {
              "name": "debug",
              "path": "/nix/store/5l5ln59lpi4qv2qm59aqchlz32j9zcm9-git-2.51.2-debug"
            },
            {
              "name": "doc",
              "path": "/nix/store/w28mqxb1bd51f5rwh5127pvbp31lnqmv-git-2.51.2-doc"
            }
          ],
          "store_path": "/nix/store/gzdcfmx2p9nvd4z21b6ns00cp4sv1d2h-git-2.51.2"
        },
        "x86_64-darwin": {
          "outputs": [
            {
              "name": "out",
              "path": "/nix/store/zz5xiyzpnn06cdgw1xnlvs1sbly5247r-git-2.51.2",
              "default": true
            },
            {
              "name": "doc",
              "path": "/nix/store/vrisnm56c5v8mzbv55yrq28wgkvga8nm-git-2.51.2-doc"
            }
          ],
          "store_path": "/nix/store/zz5xiyzpnn06cdgw1xnlvs1sbly5247r-git-2.51.2"
        },
        "x86_64-linux": {
          "outputs": [
            {
              "name": "out",
              "path": "/nix/store/4qhdhmi7pzgad0zfd7c5lsg235mbf9hv-git-2.51.2",
              "default": true
            },
            {
              "name": "debug",
              "path": "/nix/store/pjr2vd588sxa47glfg0ky0df3vk79dcs-git-2.51.2-debug"
            },
            {
              "name": "doc",
              "path": "/nix/store/9k6ivrdddy9s3z1hiwgavl0kfr2czgav-git-2.51.2-doc"
            }
          ],
          "store_path": "/nix/store/4qhdhmi7pzgad0zfd7c5lsg235mbf9hv-git-2.51.2"
        }
      }
    },
    "github:NixOS/nixpkgs/nixpkgs-unstable": {
      "last_modified": "2025-12-15T04:22:15Z",
      "resolved": "github:NixOS/nixpkgs/09b8fda8959d761445f12b55f380d90375a1d6bb?lastModified=1765772535&narHash=sha256-aq%2BdQoaPONOSjtFIBnAXseDm9TUhIbe215TPmkfMYww%3D"
    },
    "kind@0.30.0": {
      "last_modified": "2025-11-23T21:50:36Z",
      "resolved": "github:NixOS/nixpkgs/ee09932cedcef15aaf476f9343d1dea2cb77e261#kind",
      "source": "devbox-search",
      "version": "0.30.0",
      "systems": {
        "aarch64-darwin": {
          "outputs": [
            {
              "name": "out",
              "path": "/nix/store/jblfpm03jma7rvpp8fzfj2kz7mcf1jd5-kind-0.30.0",
              "default": true
            }
          ],
          "store_path": "/nix/store/jblfpm03jma7rvpp8fzfj2kz7mcf1jd5-kind-0.30.0"
        },
        "aarch64-linux": {
          "outputs": [
            {
              "name": "out",
              "path": "/nix/store/n3m0677g45dr7fqsvmi8hbl8b3rqqhbm-kind-0.30.0",
              "default": true
            }
          ],
          "store_path": "/nix/store/n3m0677g45dr7fqsvmi8hbl8b3rqqhbm-kind-0.30.0"
        },
        "x86_64-darwin": {
          "outputs": [
            {
              "name": "out",
              "path": "/nix/store/41irix8nxj2m46lbj896ndsy2hgi40m4-kind-0.30.0",
              "default": true
            }
          ],
          "store_path": "/nix/store/41irix8nxj2m46lbj896ndsy2hgi40m4-kind-0.30.0"
        },
        "x86_64-linux": {
          "outputs": [
            {
              "name": "out",
              "path": "/nix/store/ahhxkqw37kfs0yjqn6srxfq4vyxnkbq6-kind-0.30.0",
              "default": true
            }
          ],
          "store_path": "/nix/store/ahhxkqw37kfs0yjqn6srxfq4vyxnkbq6-kind-0.30.0"
        }
      }
    },
    "kubectl@1.34.3": {
      "last_modified": "2025-12-16T16:49:59Z",
      "resolved": "github:NixOS/nixpkgs/e8d16d2186d6ed9f047eb30948e97e7e01886d10#kubectl",
      "source": "devbox-search",
      "version": "1.34.3",
      "systems": {
        "aarch64-darwin": {
          "outputs": [
            {
              "name": "out",
              "path": "/nix/store/wh7x3h048nvpnz9iv8m2wff57rcbns4h-kubectl-1.34.3",
              "default": true
            },
            {
              "name": "man",
              "path": "/nix/store/0z1gk04zvcpy5zm43j42p9sxdkx9gsap-kubectl-1.34.3-man",
              "default": true
            },
            {
              "name": "convert",
              "path": "/nix/store/sgjynqwjc1bzd9j90x50l1f4k8av0q7y-kubectl-1.34.3-convert"
            }
          ],
          "store_path": "/nix/store/wh7x3h048nvpnz9iv8m2wff57rcbns4h-kubectl-1.34.3"
        },
        "aarch64-linux": {
          "outputs": [
            {
              "name": "out",
              "path": "/nix/store/sm68c4d3gg7sch2fpa3ilmlxilqm9525-kubectl-1.34.3",
              "default": true
            },
            {
              "name": "man",
              "path": "/nix/store/d1ld1hbv276y9342aq4wa3x1mjfsd0wq-kubectl-1.34.3-man",
              "default": true
            },
            {
              "name": "convert",
              "path": "/nix/store/2s84f8b0y40879v5vxarlg8h5i6whjab-kubectl-1.34.3-convert"
            }
          ],
          "store_path": "/nix/store/sm68c4d3gg7sch2fpa3ilmlxilqm9525-kubectl-1.34.3"
        },
        "x86_64-darwin": {
          "outputs": [
            {
              "name": "out",
              "path": "/nix/store/4rbd3ml1ibkbp41vp23p3712m5ziqcfm-kubectl-1.34.3",
              "default": true
            },
            {
              "name": "man",
              "path": "/nix/store/k83zqin5j3879l38dly5w4nfg536p170-kubectl-1.34.3-man",
              "default": true
            },
            {
              "name": "convert",
              "path": "/nix/store/r9dni0s5zc9hka7zbi36jglqlj3n7bgm-kubectl-1.34.3-convert"
            }
          ],
          "store_path": "/nix/store/4rbd3ml1ibkbp41vp23p3712m5ziqcfm-kubectl-1.34.3"
        },
        "x86_64-linux": {
          "outputs": [
            {
              "name": "out",
              "path": "/nix/store/589b0djk7wn3k3chyzp9a6wi6al95wn1-kubectl-1.34.3",
              "default": true
            },
            {
              "name": "man",
              "path": "/nix/store/sc5pab1b1hd20gpvk5rzj638wkgz0pvz-kubectl-1.34.3-man",
              "default": true
            },
            {
              "name": "convert",
              "path": "/nix/store/4cyp95klz5fvnfsizj2n93mfbhmg7v39-kubectl-1.34.3-convert"
            }
          ],
          "store_path": "/nix/store/589b0djk7wn3k3chyzp9a6wi6al95wn1-kubectl-1.34.3"
        }
      }
    },
    "kubernetes-helm@3.19.1": {
      "last_modified": "2025-11-23T21:50:36Z",
      "resolved": "github:NixOS/nixpkgs/ee09932cedcef15aaf476f9343d1dea2cb77e261#kubernetes-helm",
      "source": "devbox-search",
      "version": "3.19.1",
      "systems": {
        "aarch64-darwin": {
          "outputs": [
            {
              "name": "out",
              "path": "/nix/store/xx21h4bmbmhncdlhw5q7gp3wx50x0y5g-kubernetes-helm-3.19.1",
              "default": true
            }
          ],
          "store_path": "/nix/store/xx21h4bmbmhncdlhw5q7gp3wx50x0y5g-kubernetes-helm-3.19.1"
        },
        "aarch64-linux": {
          "outputs": [
            {
              "name": "out",
              "path": "/nix/store/s702f0l23v078mm6jkrbc7bx0qpjrzwm-kubernetes-helm-3.19.1",
              "default": true
            }
          ],
          "store_path": "/nix/store/s702f0l23v078mm6jkrbc7bx0qpjrzwm-kubernetes-helm-3.19.1"
        },
        "x86_64-darwin": {
          "outputs": [
            {
              "name": "out",
              "path": "/nix/store/z2is6ibqddfxx8mb1hybly00hb902h85-kubernetes-helm-3.19.1",
              "default": true
            }
          ],
          "store_path": "/nix/store/z2is6ibqddfxx8mb1hybly00hb902h85-kubernetes-helm-3.19.1"
        },
        "x86_64-linux": {
          "outputs": [
            {
              "name": "out",
              "path": "/nix/store/b7g7s0jpfs93g7s1b556166mcswbkmcx-kubernetes-helm-3.19.1",
              "default": true
            }
          ],
          "store_path": "/nix/store/b7g7s0jpfs93g7s1b556166mcswbkmcx-kubernetes-helm-3.19.1"
        }
      }
    },
    "nushell@0.108.0": {
      "last_modified": "2025-12-09T08:49:39Z",
      "resolved": "github:NixOS/nixpkgs/677fbe97984e7af3175b6c121f3c39ee5c8d62c9#nushell",
      "source": "devbox-search",
      "version": "0.108.0",
      "systems": {
        "aarch64-darwin": {
          "outputs": [
            {
              "name": "out",
              "path": "/nix/store/bw5r2qcm0dh41blw05r1vszydr9mipi6-nushell-0.108.0",
              "default": true
            }
          ],
          "store_path": "/nix/store/bw5r2qcm0dh41blw05r1vszydr9mipi6-nushell-0.108.0"
        },
        "aarch64-linux": {
          "outputs": [
            {
              "name": "out",
              "path": "/nix/store/2dk36164b2chh2753wh31r7zbxlx1ak5-nushell-0.108.0",
              "default": true
            }
          ],
          "store_path": "/nix/store/2dk36164b2chh2753wh31r7zbxlx1ak5-nushell-0.108.0"
        },
        "x86_64-darwin": {
          "outputs": [
            {
              "name": "out",
              "path": "/nix/store/b7pzhlwz7d8bnln76f7n5383y1dplr3x-nushell-0.108.0",
              "default": true
            }
          ],
          "store_path": "/nix/store/b7pzhlwz7d8bnln76f7n5383y1dplr3x-nushell-0.108.0"
        },
        "x86_64-linux": {
          "outputs": [
            {
              "name": "out",
              "path": "/nix/store/kx4ic1nmgsfh3qhr74vxq7g97pal7mn4-nushell-0.108.0",
              "default": true
            }
          ],
          "store_path": "/nix/store/kx4ic1nmgsfh3qhr74vxq7g97pal7mn4-nushell-0.108.0"
        }
      }
    },
    "vals@0.42.6": {
      "last_modified": "2025-11-27T07:58:14Z",
      "resolved": "github:NixOS/nixpkgs/0d59e0290eefe0f12512043842d7096c4070f30e#vals",
      "source": "devbox-search",
      "version": "0.42.6",
      "systems": {
        "aarch64-darwin": {
          "outputs": [
            {
              "name": "out",
              "path": "/nix/store/8j54xr0kkg1hkz2q7dzw6wdrrbr5yrsz-vals-0.42.6",
              "default": true
            }
          ],
          "store_path": "/nix/store/8j54xr0kkg1hkz2q7dzw6wdrrbr5yrsz-vals-0.42.6"
        },
        "aarch64-linux": {
          "outputs": [
            {
              "name": "out",
              "path": "/nix/store/ixvjccmjjd99saj57z12ag6fzrxbv2r7-vals-0.42.6",
              "default": true
            }
          ],
          "store_path": "/nix/store/ixvjccmjjd99saj57z12ag6fzrxbv2r7-vals-0.42.6"
        },
        "x86_64-darwin": {
          "outputs": [
            {
              "name": "out",
              "path": "/nix/store/qf4vn04p47i4fpkj7in26jg7x17anmjm-vals-0.42.6",
              "default": true
            }
          ],
          "store_path": "/nix/store/qf4vn04p47i4fpkj7in26jg7x17anmjm-vals-0.42.6"
        },
        "x86_64-linux": {
          "outputs": [
            {
              "name": "out",
              "path": "/nix/store/3n06kas34v6pggbwkx1zp9di75nhx57k-vals-0.42.6",
              "default": true
            }
          ],
          "store_path": "/nix/store/3n06kas34v6pggbwkx1zp9di75nhx57k-vals-0.42.6"
        }
      }
    }
  }
}
